{
  "object": {
    "pins": [
      {
        "package": "AWSSDKSwiftCore",
        "repositoryURL": "https://github.com/noppoMan/aws-sdk-swift-core.git",
        "state": {
          "branch": null,
          "revision": "d7675bf6105ff43285ddba135c46fd932b97b523",
          "version": "1.0.7"
        }
      },
      {
        "package": "CLibreSSL",
        "repositoryURL": "https://github.com/vapor/clibressl.git",
        "state": {
          "branch": null,
          "revision": "23ddb296981d17a8ee6c7418742a40cad5d2f9d0",
          "version": "1.0.0"
        }
      },
      {
        "package": "HypertextApplicationLanguage",
        "repositoryURL": "https://github.com/noppoMan/HypertextApplicationLanguage.git",
        "state": {
          "branch": null,
          "revision": "e6216c13fd510e31e70e6f409936f1a656db1f33",
          "version": "1.0.1"
        }
      },
      {
        "package": "Prorsum",
        "repositoryURL": "https://github.com/noppoMan/Prorsum.git",
        "state": {
          "branch": null,
          "revision": "aab1cf5a01c1f936267fc6c55ac1bd7853767277",
          "version": "0.3.1"
        }
      },
      {
        "package": "ProrsumNet",
        "repositoryURL": "https://github.com/noppoman/ProrsumNet.git",
        "state": {
          "branch": null,
          "revision": "941e0c65df620467130e9eb2496a3c1275c1d307",
          "version": "0.1.3"
        }
      },
      {
        "package": "SwiftAWSApigateway",
        "repositoryURL": "https://github.com/swift-aws/apigateway.git",
        "state": {
          "branch": null,
          "revision": "37222385adb15120ff03396b20ca6b9dd783bc4a",
          "version": "1.1.3"
        }
      },
      {
        "package": "SwiftAWSIam",
        "repositoryURL": "https://github.com/swift-aws/iam.git",
        "state": {
          "branch": null,
          "revision": "b64000f258c082f22212161a3014c1bf02ebce91",
          "version": "1.1.3"
        }
      },
      {
        "package": "SwiftAWSLambda",
        "repositoryURL": "https://github.com/swift-aws/lambda.git",
        "state": {
          "branch": null,
          "revision": "675cd8d8a223a34abc3895c8eed5a5a6648949d2",
          "version": "1.1.3"
        }
      },
      {
        "package": "SwiftAWSS3",
        "repositoryURL": "https://github.com/swift-aws/s3.git",
        "state": {
          "branch": null,
          "revision": "08540d9c6a6a1e54d2297aa57cf2a033e3258493",
          "version": "1.1.3"
        }
      },
      {
        "package": "SwiftCLI",
        "repositoryURL": "https://github.com/jakeheis/SwiftCLI.git",
        "state": {
          "branch": null,
          "revision": "8e5916bfcc7f8acee6fb2cb36d1ffefb02ac2460",
          "version": "3.1.0"
        }
      },
      {
        "package": "SwiftyJSON",
        "repositoryURL": "https://github.com/IBM-Swift/SwiftyJSON.git",
        "state": {
          "branch": null,
          "revision": "1190845cf7d25a5c8ea7653fe03dcdd39a082056",
          "version": "16.0.2"
        }
      },
      {
        "package": "Yaml",
        "repositoryURL": "https://github.com/behrang/YamlSwift.git",
        "state": {
          "branch": null,
          "revision": "901c4943f3206afb3b965bad2d1338e3c4fdbeba",
          "version": "3.4.0"
        }
      }
    ]
  },
  "version": 1
}
