{
  "object": {
    "pins": [
      {
        "package": "SwiftCLI",
        "repositoryURL": "https://github.com/jakeheis/SwiftCLI.git",
        "state": {
          "branch": null,
          "revision": "5318c37d3cacc8780f50b87a8840a6774320ebdf",
          "version": "5.2.2"
        }
      },
      {
        "package": "SwiftyJSON",
        "repositoryURL": "https://github.com/IBM-Swift/SwiftyJSON.git",
        "state": {
          "branch": null,
          "revision": "f2612ea3ac29996ae9601bdcb00cc1c29e26f104",
          "version": "17.0.4"
        }
      },
      {
        "package": "Yams",
        "repositoryURL": "https://github.com/jpsim/Yams.git",
        "state": {
          "branch": null,
          "revision": "26ab35f50ea891e8edefcc9d975db2f6b67e1d68",
          "version": "1.0.1"
        }
      }
    ]
  },
  "version": 1
}
